
Microsoft Visual Studio Solution File, Format Version 12.00
# Visual Studio Version 16
VisualStudioVersion = 16.0.30204.135
MinimumVisualStudioVersion = 10.0.40219.1
Project("{FAE04EC0-301F-11D3-BF4B-00C04F79EFBC}") = "MOMTracker", "MOMTracker\MOMTracker.csproj", "{3C979FAB-F48C-4A81-B1FA-BCE3942DAD7B}"
EndProject
Global
	GlobalSection(SolutionConfigurationPlatforms) = preSolution
		Debug|Any CPU = Debug|Any CPU
		Release|Any CPU = Release|Any CPU
	EndGlobalSection
	GlobalSection(ProjectConfigurationPlatforms) = postSolution
		{3C979FAB-F48C-4A81-B1FA-BCE3942DAD7B}.Debug|Any CPU.ActiveCfg = Debug|Any CPU
		{3C979FAB-F48C-4A81-B1FA-BCE3942DAD7B}.Debug|Any CPU.Build.0 = Debug|Any CPU
		{3C979FAB-F48C-4A81-B1FA-BCE3942DAD7B}.Release|Any CPU.ActiveCfg = Release|Any CPU
		{3C979FAB-F48C-4A81-B1FA-BCE3942DAD7B}.Release|Any CPU.Build.0 = Release|Any CPU
	EndGlobalSection
	GlobalSection(SolutionProperties) = preSolution
		HideSolutionNode = FALSE
	EndGlobalSection
	GlobalSection(ExtensibilityGlobals) = postSolution
		SolutionGuid = {321FB555-D688-4D45-BC4D-A5129192CCA1}
	EndGlobalSection
EndGlobal
